
Microsoft Visual Studio Solution File, Format Version 12.00
# Visual Studio Version 16
VisualStudioVersion = 16.0.30907.101
MinimumVisualStudioVersion = 10.0.40219.1
Project("{9A19103F-16F7-4668-BE54-9A1E7A4F7556}") = "CheatSheet", "CheatSheet\CheatSheet.csproj", "{C3D35727-084E-421F-9186-9B4D442EF458}"
EndProject
Project("{9A19103F-16F7-4668-BE54-9A1E7A4F7556}") = "ApiSample", "ApiSample\ApiSample.csproj", "{622B887F-261F-4051-BF65-A67AB746B9DD}"
EndProject
Project("{9A19103F-16F7-4668-BE54-9A1E7A4F7556}") = "HttpRequest", "HttpRequest\HttpRequest.csproj", "{FF6F97B6-8405-4231-A498-CE6B5201DB41}"
EndProject
Project("{9A19103F-16F7-4668-BE54-9A1E7A4F7556}") = "BenchmarkExample", "BenchmarkExample\BenchmarkExample.csproj", "{6F60D356-6403-4447-A059-6047027AC4EF}"
EndProject
Project("{FAE04EC0-301F-11D3-BF4B-00C04F79EFBC}") = "HtmlAgilityPack", "HtmlAgilityPack\HtmlAgilityPack.csproj", "{CF05B6D7-74E2-41B1-A527-63B600A606D4}"
EndProject
Global
	GlobalSection(SolutionConfigurationPlatforms) = preSolution
		Debug|Any CPU = Debug|Any CPU
		Release|Any CPU = Release|Any CPU
	EndGlobalSection
	GlobalSection(ProjectConfigurationPlatforms) = postSolution
		{C3D35727-084E-421F-9186-9B4D442EF458}.Debug|Any CPU.ActiveCfg = Debug|Any CPU
		{C3D35727-084E-421F-9186-9B4D442EF458}.Debug|Any CPU.Build.0 = Debug|Any CPU
		{C3D35727-084E-421F-9186-9B4D442EF458}.Release|Any CPU.ActiveCfg = Release|Any CPU
		{C3D35727-084E-421F-9186-9B4D442EF458}.Release|Any CPU.Build.0 = Release|Any CPU
		{622B887F-261F-4051-BF65-A67AB746B9DD}.Debug|Any CPU.ActiveCfg = Debug|Any CPU
		{622B887F-261F-4051-BF65-A67AB746B9DD}.Debug|Any CPU.Build.0 = Debug|Any CPU
		{622B887F-261F-4051-BF65-A67AB746B9DD}.Release|Any CPU.ActiveCfg = Release|Any CPU
		{622B887F-261F-4051-BF65-A67AB746B9DD}.Release|Any CPU.Build.0 = Release|Any CPU
		{FF6F97B6-8405-4231-A498-CE6B5201DB41}.Debug|Any CPU.ActiveCfg = Debug|Any CPU
		{FF6F97B6-8405-4231-A498-CE6B5201DB41}.Debug|Any CPU.Build.0 = Debug|Any CPU
		{FF6F97B6-8405-4231-A498-CE6B5201DB41}.Release|Any CPU.ActiveCfg = Release|Any CPU
		{FF6F97B6-8405-4231-A498-CE6B5201DB41}.Release|Any CPU.Build.0 = Release|Any CPU
		{6F60D356-6403-4447-A059-6047027AC4EF}.Debug|Any CPU.ActiveCfg = Debug|Any CPU
		{6F60D356-6403-4447-A059-6047027AC4EF}.Debug|Any CPU.Build.0 = Debug|Any CPU
		{6F60D356-6403-4447-A059-6047027AC4EF}.Release|Any CPU.ActiveCfg = Release|Any CPU
		{6F60D356-6403-4447-A059-6047027AC4EF}.Release|Any CPU.Build.0 = Release|Any CPU
		{CF05B6D7-74E2-41B1-A527-63B600A606D4}.Debug|Any CPU.ActiveCfg = Debug|Any CPU
		{CF05B6D7-74E2-41B1-A527-63B600A606D4}.Debug|Any CPU.Build.0 = Debug|Any CPU
		{CF05B6D7-74E2-41B1-A527-63B600A606D4}.Release|Any CPU.ActiveCfg = Release|Any CPU
		{CF05B6D7-74E2-41B1-A527-63B600A606D4}.Release|Any CPU.Build.0 = Release|Any CPU
	EndGlobalSection
	GlobalSection(SolutionProperties) = preSolution
		HideSolutionNode = FALSE
	EndGlobalSection
	GlobalSection(ExtensibilityGlobals) = postSolution
		SolutionGuid = {99E1ADD5-C81C-4CD2-B70E-7AF604CA86C7}
	EndGlobalSection
EndGlobal
